
Microsoft Visual Studio Solution File, Format Version 12.00
# Visual Studio Version 17
VisualStudioVersion = 17.3.32901.215
MinimumVisualStudioVersion = 10.0.40219.1
Project("{FAE04EC0-301F-11D3-BF4B-00C04F79EFBC}") = "Encapsulation - Lab", "Encapsulation - Lab\Encapsulation - Lab.csproj", "{4CCDCC47-DCC2-49C0-AB2A-B12342819C93}"
EndProject
Project("{FAE04EC0-301F-11D3-BF4B-00C04F79EFBC}") = "01. Persons", "01. Persons\01. Persons.csproj", "{2FFABD31-8E67-4FC3-995D-B078FC8A1B28}"
EndProject
Project("{FAE04EC0-301F-11D3-BF4B-00C04F79EFBC}") = "02. Salary", "02. Salary\02. Salary.csproj", "{A032F5B1-313B-4C26-8A26-B3B33AA25686}"
EndProject
Project("{FAE04EC0-301F-11D3-BF4B-00C04F79EFBC}") = "03. Validation", "03. Validation\03. Validation.csproj", "{AF203CE1-EBF4-4E3B-873B-D51F43F42DE5}"
EndProject
Project("{FAE04EC0-301F-11D3-BF4B-00C04F79EFBC}") = "04. Team", "04. Team\04. Team.csproj", "{B0C78A87-967C-486F-A904-FFF315F2543F}"
EndProject
Global
	GlobalSection(SolutionConfigurationPlatforms) = preSolution
		Debug|Any CPU = Debug|Any CPU
		Release|Any CPU = Release|Any CPU
	EndGlobalSection
	GlobalSection(ProjectConfigurationPlatforms) = postSolution
		{4CCDCC47-DCC2-49C0-AB2A-B12342819C93}.Debug|Any CPU.ActiveCfg = Debug|Any CPU
		{4CCDCC47-DCC2-49C0-AB2A-B12342819C93}.Debug|Any CPU.Build.0 = Debug|Any CPU
		{4CCDCC47-DCC2-49C0-AB2A-B12342819C93}.Release|Any CPU.ActiveCfg = Release|Any CPU
		{4CCDCC47-DCC2-49C0-AB2A-B12342819C93}.Release|Any CPU.Build.0 = Release|Any CPU
		{2FFABD31-8E67-4FC3-995D-B078FC8A1B28}.Debug|Any CPU.ActiveCfg = Debug|Any CPU
		{2FFABD31-8E67-4FC3-995D-B078FC8A1B28}.Debug|Any CPU.Build.0 = Debug|Any CPU
		{2FFABD31-8E67-4FC3-995D-B078FC8A1B28}.Release|Any CPU.ActiveCfg = Release|Any CPU
		{2FFABD31-8E67-4FC3-995D-B078FC8A1B28}.Release|Any CPU.Build.0 = Release|Any CPU
		{A032F5B1-313B-4C26-8A26-B3B33AA25686}.Debug|Any CPU.ActiveCfg = Debug|Any CPU
		{A032F5B1-313B-4C26-8A26-B3B33AA25686}.Debug|Any CPU.Build.0 = Debug|Any CPU
		{A032F5B1-313B-4C26-8A26-B3B33AA25686}.Release|Any CPU.ActiveCfg = Release|Any CPU
		{A032F5B1-313B-4C26-8A26-B3B33AA25686}.Release|Any CPU.Build.0 = Release|Any CPU
		{AF203CE1-EBF4-4E3B-873B-D51F43F42DE5}.Debug|Any CPU.ActiveCfg = Debug|Any CPU
		{AF203CE1-EBF4-4E3B-873B-D51F43F42DE5}.Debug|Any CPU.Build.0 = Debug|Any CPU
		{AF203CE1-EBF4-4E3B-873B-D51F43F42DE5}.Release|Any CPU.ActiveCfg = Release|Any CPU
		{AF203CE1-EBF4-4E3B-873B-D51F43F42DE5}.Release|Any CPU.Build.0 = Release|Any CPU
		{B0C78A87-967C-486F-A904-FFF315F2543F}.Debug|Any CPU.ActiveCfg = Debug|Any CPU
		{B0C78A87-967C-486F-A904-FFF315F2543F}.Debug|Any CPU.Build.0 = Debug|Any CPU
		{B0C78A87-967C-486F-A904-FFF315F2543F}.Release|Any CPU.ActiveCfg = Release|Any CPU
		{B0C78A87-967C-486F-A904-FFF315F2543F}.Release|Any CPU.Build.0 = Release|Any CPU
	EndGlobalSection
	GlobalSection(SolutionProperties) = preSolution
		HideSolutionNode = FALSE
	EndGlobalSection
	GlobalSection(ExtensibilityGlobals) = postSolution
		SolutionGuid = {0E5AD9A4-50D4-435F-81ED-1C0F258F8842}
	EndGlobalSection
EndGlobal
