
Microsoft Visual Studio Solution File, Format Version 12.00
# Visual Studio Version 17
VisualStudioVersion = 17.3.32901.215
MinimumVisualStudioVersion = 10.0.40219.1
Project("{FAE04EC0-301F-11D3-BF4B-00C04F79EFBC}") = "Encapsulation - Exercise", "Encapsulation - Exercise\Encapsulation - Exercise.csproj", "{0E850E73-7E61-4AF3-A079-18412A724E9E}"
EndProject
Project("{FAE04EC0-301F-11D3-BF4B-00C04F79EFBC}") = "01. Class Box Data", "01. Class Box Data\01. Class Box Data.csproj", "{028520BA-7F63-49B4-A855-4C8E93F17731}"
EndProject
Project("{FAE04EC0-301F-11D3-BF4B-00C04F79EFBC}") = "02. Animal Farm", "02. Animal Farm\02. Animal Farm.csproj", "{A37E86CE-FFEB-4CAB-8AF2-825D34AA32B5}"
EndProject
Project("{FAE04EC0-301F-11D3-BF4B-00C04F79EFBC}") = "03. Shopping Spree", "03. Shopping Spree\03. Shopping Spree.csproj", "{FC514B6C-574A-4A50-A7C0-6278133A20BB}"
EndProject
Project("{FAE04EC0-301F-11D3-BF4B-00C04F79EFBC}") = "04. Pizza Calories", "04. Pizza Calories\04. Pizza Calories.csproj", "{5B2E8D79-5B6C-4A02-9E15-C63376AF4B19}"
EndProject
Global
	GlobalSection(SolutionConfigurationPlatforms) = preSolution
		Debug|Any CPU = Debug|Any CPU
		Release|Any CPU = Release|Any CPU
	EndGlobalSection
	GlobalSection(ProjectConfigurationPlatforms) = postSolution
		{0E850E73-7E61-4AF3-A079-18412A724E9E}.Debug|Any CPU.ActiveCfg = Debug|Any CPU
		{0E850E73-7E61-4AF3-A079-18412A724E9E}.Debug|Any CPU.Build.0 = Debug|Any CPU
		{0E850E73-7E61-4AF3-A079-18412A724E9E}.Release|Any CPU.ActiveCfg = Release|Any CPU
		{0E850E73-7E61-4AF3-A079-18412A724E9E}.Release|Any CPU.Build.0 = Release|Any CPU
		{028520BA-7F63-49B4-A855-4C8E93F17731}.Debug|Any CPU.ActiveCfg = Debug|Any CPU
		{028520BA-7F63-49B4-A855-4C8E93F17731}.Debug|Any CPU.Build.0 = Debug|Any CPU
		{028520BA-7F63-49B4-A855-4C8E93F17731}.Release|Any CPU.ActiveCfg = Release|Any CPU
		{028520BA-7F63-49B4-A855-4C8E93F17731}.Release|Any CPU.Build.0 = Release|Any CPU
		{A37E86CE-FFEB-4CAB-8AF2-825D34AA32B5}.Debug|Any CPU.ActiveCfg = Debug|Any CPU
		{A37E86CE-FFEB-4CAB-8AF2-825D34AA32B5}.Debug|Any CPU.Build.0 = Debug|Any CPU
		{A37E86CE-FFEB-4CAB-8AF2-825D34AA32B5}.Release|Any CPU.ActiveCfg = Release|Any CPU
		{A37E86CE-FFEB-4CAB-8AF2-825D34AA32B5}.Release|Any CPU.Build.0 = Release|Any CPU
		{FC514B6C-574A-4A50-A7C0-6278133A20BB}.Debug|Any CPU.ActiveCfg = Debug|Any CPU
		{FC514B6C-574A-4A50-A7C0-6278133A20BB}.Debug|Any CPU.Build.0 = Debug|Any CPU
		{FC514B6C-574A-4A50-A7C0-6278133A20BB}.Release|Any CPU.ActiveCfg = Release|Any CPU
		{FC514B6C-574A-4A50-A7C0-6278133A20BB}.Release|Any CPU.Build.0 = Release|Any CPU
		{5B2E8D79-5B6C-4A02-9E15-C63376AF4B19}.Debug|Any CPU.ActiveCfg = Debug|Any CPU
		{5B2E8D79-5B6C-4A02-9E15-C63376AF4B19}.Debug|Any CPU.Build.0 = Debug|Any CPU
		{5B2E8D79-5B6C-4A02-9E15-C63376AF4B19}.Release|Any CPU.ActiveCfg = Release|Any CPU
		{5B2E8D79-5B6C-4A02-9E15-C63376AF4B19}.Release|Any CPU.Build.0 = Release|Any CPU
	EndGlobalSection
	GlobalSection(SolutionProperties) = preSolution
		HideSolutionNode = FALSE
	EndGlobalSection
	GlobalSection(ExtensibilityGlobals) = postSolution
		SolutionGuid = {75D54531-0C42-46E8-B4BD-99BAE03F69D1}
	EndGlobalSection
EndGlobal
