
Microsoft Visual Studio Solution File, Format Version 12.00
# Visual Studio Version 17
VisualStudioVersion = 17.3.32901.215
MinimumVisualStudioVersion = 10.0.40219.1
Project("{9A19103F-16F7-4668-BE54-9A1E7A4F7556}") = "Reflection and Attributes - Exercise", "Reflection and Attributes - Exercise\Reflection and Attributes - Exercise.csproj", "{1729D2CF-92BC-4D4C-8BB2-9AC0DA13B674}"
EndProject
Project("{9A19103F-16F7-4668-BE54-9A1E7A4F7556}") = "01. Command Patterns", "01. Command Pattern\01. Command Patterns.csproj", "{02946420-6D62-4EC4-8029-A4C18A80757B}"
EndProject
Project("{FAE04EC0-301F-11D3-BF4B-00C04F79EFBC}") = "02. Validation Attributes", "02. Validation Attributes\02. Validation Attributes.csproj", "{F78ADA97-120A-4ABF-A010-FF57D67A987A}"
EndProject
Global
	GlobalSection(SolutionConfigurationPlatforms) = preSolution
		Debug|Any CPU = Debug|Any CPU
		Release|Any CPU = Release|Any CPU
	EndGlobalSection
	GlobalSection(ProjectConfigurationPlatforms) = postSolution
		{1729D2CF-92BC-4D4C-8BB2-9AC0DA13B674}.Debug|Any CPU.ActiveCfg = Debug|Any CPU
		{1729D2CF-92BC-4D4C-8BB2-9AC0DA13B674}.Debug|Any CPU.Build.0 = Debug|Any CPU
		{1729D2CF-92BC-4D4C-8BB2-9AC0DA13B674}.Release|Any CPU.ActiveCfg = Release|Any CPU
		{1729D2CF-92BC-4D4C-8BB2-9AC0DA13B674}.Release|Any CPU.Build.0 = Release|Any CPU
		{02946420-6D62-4EC4-8029-A4C18A80757B}.Debug|Any CPU.ActiveCfg = Debug|Any CPU
		{02946420-6D62-4EC4-8029-A4C18A80757B}.Debug|Any CPU.Build.0 = Debug|Any CPU
		{02946420-6D62-4EC4-8029-A4C18A80757B}.Release|Any CPU.ActiveCfg = Release|Any CPU
		{02946420-6D62-4EC4-8029-A4C18A80757B}.Release|Any CPU.Build.0 = Release|Any CPU
		{F78ADA97-120A-4ABF-A010-FF57D67A987A}.Debug|Any CPU.ActiveCfg = Debug|Any CPU
		{F78ADA97-120A-4ABF-A010-FF57D67A987A}.Debug|Any CPU.Build.0 = Debug|Any CPU
		{F78ADA97-120A-4ABF-A010-FF57D67A987A}.Release|Any CPU.ActiveCfg = Release|Any CPU
		{F78ADA97-120A-4ABF-A010-FF57D67A987A}.Release|Any CPU.Build.0 = Release|Any CPU
	EndGlobalSection
	GlobalSection(SolutionProperties) = preSolution
		HideSolutionNode = FALSE
	EndGlobalSection
	GlobalSection(ExtensibilityGlobals) = postSolution
		SolutionGuid = {C179CDC2-D867-45A3-9A0B-EE1644BCE8A4}
	EndGlobalSection
EndGlobal
