
Microsoft Visual Studio Solution File, Format Version 12.00
# Visual Studio Version 17
VisualStudioVersion = 17.3.32901.215
MinimumVisualStudioVersion = 10.0.40219.1
Project("{FAE04EC0-301F-11D3-BF4B-00C04F79EFBC}") = "Interfaces and Abstraction - Exercise", "Interfaces and Abstraction - Exercise\Interfaces and Abstraction - Exercise.csproj", "{AE03A45D-647C-4C20-8965-3C72AB2B2211}"
EndProject
Project("{FAE04EC0-301F-11D3-BF4B-00C04F79EFBC}") = "01. Define an Interface IPerson", "01. Define an Interface IPerson\01. Define an Interface IPerson.csproj", "{8493862B-3060-4340-B186-921685AFF0D8}"
EndProject
Project("{FAE04EC0-301F-11D3-BF4B-00C04F79EFBC}") = "02. Multiple Implementation", "02. Multiple Implementation\02. Multiple Implementation.csproj", "{523147D3-73C9-465A-B5DA-D369367423EB}"
EndProject
Project("{FAE04EC0-301F-11D3-BF4B-00C04F79EFBC}") = "03. Telephony", "03. Telephony\03. Telephony.csproj", "{A2012523-B1E6-4BC6-A676-0A2B34478144}"
EndProject
Global
	GlobalSection(SolutionConfigurationPlatforms) = preSolution
		Debug|Any CPU = Debug|Any CPU
		Release|Any CPU = Release|Any CPU
	EndGlobalSection
	GlobalSection(ProjectConfigurationPlatforms) = postSolution
		{AE03A45D-647C-4C20-8965-3C72AB2B2211}.Debug|Any CPU.ActiveCfg = Debug|Any CPU
		{AE03A45D-647C-4C20-8965-3C72AB2B2211}.Debug|Any CPU.Build.0 = Debug|Any CPU
		{AE03A45D-647C-4C20-8965-3C72AB2B2211}.Release|Any CPU.ActiveCfg = Release|Any CPU
		{AE03A45D-647C-4C20-8965-3C72AB2B2211}.Release|Any CPU.Build.0 = Release|Any CPU
		{8493862B-3060-4340-B186-921685AFF0D8}.Debug|Any CPU.ActiveCfg = Debug|Any CPU
		{8493862B-3060-4340-B186-921685AFF0D8}.Debug|Any CPU.Build.0 = Debug|Any CPU
		{8493862B-3060-4340-B186-921685AFF0D8}.Release|Any CPU.ActiveCfg = Release|Any CPU
		{8493862B-3060-4340-B186-921685AFF0D8}.Release|Any CPU.Build.0 = Release|Any CPU
		{523147D3-73C9-465A-B5DA-D369367423EB}.Debug|Any CPU.ActiveCfg = Debug|Any CPU
		{523147D3-73C9-465A-B5DA-D369367423EB}.Debug|Any CPU.Build.0 = Debug|Any CPU
		{523147D3-73C9-465A-B5DA-D369367423EB}.Release|Any CPU.ActiveCfg = Release|Any CPU
		{523147D3-73C9-465A-B5DA-D369367423EB}.Release|Any CPU.Build.0 = Release|Any CPU
		{A2012523-B1E6-4BC6-A676-0A2B34478144}.Debug|Any CPU.ActiveCfg = Debug|Any CPU
		{A2012523-B1E6-4BC6-A676-0A2B34478144}.Debug|Any CPU.Build.0 = Debug|Any CPU
		{A2012523-B1E6-4BC6-A676-0A2B34478144}.Release|Any CPU.ActiveCfg = Release|Any CPU
		{A2012523-B1E6-4BC6-A676-0A2B34478144}.Release|Any CPU.Build.0 = Release|Any CPU
	EndGlobalSection
	GlobalSection(SolutionProperties) = preSolution
		HideSolutionNode = FALSE
	EndGlobalSection
	GlobalSection(ExtensibilityGlobals) = postSolution
		SolutionGuid = {97CCB7FC-AB00-428E-A8E1-D175DE8247E2}
	EndGlobalSection
EndGlobal
