
Microsoft Visual Studio Solution File, Format Version 12.00
# Visual Studio Version 17
VisualStudioVersion = 17.3.32901.215
MinimumVisualStudioVersion = 10.0.40219.1
Project("{FAE04EC0-301F-11D3-BF4B-00C04F79EFBC}") = "Unit Testing - Exercises", "Unit Testing - Exercises\Unit Testing - Exercises.csproj", "{5A66D115-DBB6-48E4-8A76-17F4BAE8F94A}"
EndProject
Project("{FAE04EC0-301F-11D3-BF4B-00C04F79EFBC}") = "Database", "Database\Database.csproj", "{4B098ECD-D23F-4AD5-A345-C601DC74A966}"
EndProject
Project("{FAE04EC0-301F-11D3-BF4B-00C04F79EFBC}") = "Database.Tests", "Database.Tests\Database.Tests.csproj", "{988F1673-7470-450A-B21D-1D958313D1D9}"
EndProject
Global
	GlobalSection(SolutionConfigurationPlatforms) = preSolution
		Debug|Any CPU = Debug|Any CPU
		Release|Any CPU = Release|Any CPU
	EndGlobalSection
	GlobalSection(ProjectConfigurationPlatforms) = postSolution
		{5A66D115-DBB6-48E4-8A76-17F4BAE8F94A}.Debug|Any CPU.ActiveCfg = Debug|Any CPU
		{5A66D115-DBB6-48E4-8A76-17F4BAE8F94A}.Debug|Any CPU.Build.0 = Debug|Any CPU
		{5A66D115-DBB6-48E4-8A76-17F4BAE8F94A}.Release|Any CPU.ActiveCfg = Release|Any CPU
		{5A66D115-DBB6-48E4-8A76-17F4BAE8F94A}.Release|Any CPU.Build.0 = Release|Any CPU
		{4B098ECD-D23F-4AD5-A345-C601DC74A966}.Debug|Any CPU.ActiveCfg = Debug|Any CPU
		{4B098ECD-D23F-4AD5-A345-C601DC74A966}.Debug|Any CPU.Build.0 = Debug|Any CPU
		{4B098ECD-D23F-4AD5-A345-C601DC74A966}.Release|Any CPU.ActiveCfg = Release|Any CPU
		{4B098ECD-D23F-4AD5-A345-C601DC74A966}.Release|Any CPU.Build.0 = Release|Any CPU
		{988F1673-7470-450A-B21D-1D958313D1D9}.Debug|Any CPU.ActiveCfg = Debug|Any CPU
		{988F1673-7470-450A-B21D-1D958313D1D9}.Debug|Any CPU.Build.0 = Debug|Any CPU
		{988F1673-7470-450A-B21D-1D958313D1D9}.Release|Any CPU.ActiveCfg = Release|Any CPU
		{988F1673-7470-450A-B21D-1D958313D1D9}.Release|Any CPU.Build.0 = Release|Any CPU
	EndGlobalSection
	GlobalSection(SolutionProperties) = preSolution
		HideSolutionNode = FALSE
	EndGlobalSection
	GlobalSection(ExtensibilityGlobals) = postSolution
		SolutionGuid = {3A846541-897C-4D8F-BD01-D25F3926D225}
	EndGlobalSection
EndGlobal
